
Microsoft Visual Studio Solution File, Format Version 12.00
# Visual Studio 15
VisualStudioVersion = 15.0.28010.2036
MinimumVisualStudioVersion = 10.0.40219.1
Project("{FAE04EC0-301F-11D3-BF4B-00C04F79EFBC}") = "LabOOP3", "LabOOP3\LabOOP3.csproj", "{6E704621-8501-44CB-9B33-D1BC59A32C21}"
EndProject
Global
	GlobalSection(SolutionConfigurationPlatforms) = preSolution
		Debug|Any CPU = Debug|Any CPU
		Release|Any CPU = Release|Any CPU
	EndGlobalSection
	GlobalSection(ProjectConfigurationPlatforms) = postSolution
		{6E704621-8501-44CB-9B33-D1BC59A32C21}.Debug|Any CPU.ActiveCfg = Debug|Any CPU
		{6E704621-8501-44CB-9B33-D1BC59A32C21}.Debug|Any CPU.Build.0 = Debug|Any CPU
		{6E704621-8501-44CB-9B33-D1BC59A32C21}.Release|Any CPU.ActiveCfg = Release|Any CPU
		{6E704621-8501-44CB-9B33-D1BC59A32C21}.Release|Any CPU.Build.0 = Release|Any CPU
	EndGlobalSection
	GlobalSection(SolutionProperties) = preSolution
		HideSolutionNode = FALSE
	EndGlobalSection
	GlobalSection(ExtensibilityGlobals) = postSolution
		SolutionGuid = {B4FFC51D-161E-466D-BDEA-928074DFE109}
	EndGlobalSection
EndGlobal
